
Microsoft Visual Studio Solution File, Format Version 12.00
# Visual Studio 15
VisualStudioVersion = 15.0.28307.421
MinimumVisualStudioVersion = 10.0.40219.1
Project("{FAE04EC0-301F-11D3-BF4B-00C04F79EFBC}") = "Zad1", "Zad1\Zad1.csproj", "{F5C71460-6498-4EBC-8B02-991E1EA61691}"
EndProject
Project("{FAE04EC0-301F-11D3-BF4B-00C04F79EFBC}") = "Zad2", "Zad2\Zad2.csproj", "{14159AAE-5B00-4BCC-A5F6-89CEC34A9DA8}"
EndProject
Project("{FAE04EC0-301F-11D3-BF4B-00C04F79EFBC}") = "Zad3", "Zad3\Zad3.csproj", "{49C5181F-3B1E-48EA-A781-C02D9748752A}"
EndProject
Project("{FAE04EC0-301F-11D3-BF4B-00C04F79EFBC}") = "Zad4", "Zad4\Zad4.csproj", "{59785AA5-F6C5-49E7-9F5C-EAA0B0C02B79}"
EndProject
Project("{FAE04EC0-301F-11D3-BF4B-00C04F79EFBC}") = "Zad5", "Zad5\Zad5.csproj", "{EE00A8A0-899D-4C3A-93D4-66839538F4CF}"
EndProject
Project("{FAE04EC0-301F-11D3-BF4B-00C04F79EFBC}") = "Zad6", "Zad6\Zad6.csproj", "{0BA98BDF-66FA-49A4-85B3-9108BE6128E7}"
EndProject
Project("{FAE04EC0-301F-11D3-BF4B-00C04F79EFBC}") = "Zad7", "Zad7\Zad7.csproj", "{355A7788-E54A-4650-A829-20A554A5D9A7}"
EndProject
Project("{FAE04EC0-301F-11D3-BF4B-00C04F79EFBC}") = "Zad8", "Zad8\Zad8.csproj", "{19B15D28-BACF-471D-B78D-76C6800EB60D}"
EndProject
Project("{FAE04EC0-301F-11D3-BF4B-00C04F79EFBC}") = "Zad9", "Zad9\Zad9.csproj", "{891F5B87-297D-4BF7-AC18-C74EE0102DBC}"
EndProject
Project("{FAE04EC0-301F-11D3-BF4B-00C04F79EFBC}") = "Zad10", "Zad10\Zad10.csproj", "{F449462A-4CDF-4AB1-9BC0-A4555114CB19}"
EndProject
Global
	GlobalSection(SolutionConfigurationPlatforms) = preSolution
		Debug|Any CPU = Debug|Any CPU
		Release|Any CPU = Release|Any CPU
	EndGlobalSection
	GlobalSection(ProjectConfigurationPlatforms) = postSolution
		{F5C71460-6498-4EBC-8B02-991E1EA61691}.Debug|Any CPU.ActiveCfg = Debug|Any CPU
		{F5C71460-6498-4EBC-8B02-991E1EA61691}.Debug|Any CPU.Build.0 = Debug|Any CPU
		{F5C71460-6498-4EBC-8B02-991E1EA61691}.Release|Any CPU.ActiveCfg = Release|Any CPU
		{F5C71460-6498-4EBC-8B02-991E1EA61691}.Release|Any CPU.Build.0 = Release|Any CPU
		{14159AAE-5B00-4BCC-A5F6-89CEC34A9DA8}.Debug|Any CPU.ActiveCfg = Debug|Any CPU
		{14159AAE-5B00-4BCC-A5F6-89CEC34A9DA8}.Debug|Any CPU.Build.0 = Debug|Any CPU
		{14159AAE-5B00-4BCC-A5F6-89CEC34A9DA8}.Release|Any CPU.ActiveCfg = Release|Any CPU
		{14159AAE-5B00-4BCC-A5F6-89CEC34A9DA8}.Release|Any CPU.Build.0 = Release|Any CPU
		{49C5181F-3B1E-48EA-A781-C02D9748752A}.Debug|Any CPU.ActiveCfg = Debug|Any CPU
		{49C5181F-3B1E-48EA-A781-C02D9748752A}.Debug|Any CPU.Build.0 = Debug|Any CPU
		{49C5181F-3B1E-48EA-A781-C02D9748752A}.Release|Any CPU.ActiveCfg = Release|Any CPU
		{49C5181F-3B1E-48EA-A781-C02D9748752A}.Release|Any CPU.Build.0 = Release|Any CPU
		{59785AA5-F6C5-49E7-9F5C-EAA0B0C02B79}.Debug|Any CPU.ActiveCfg = Debug|Any CPU
		{59785AA5-F6C5-49E7-9F5C-EAA0B0C02B79}.Debug|Any CPU.Build.0 = Debug|Any CPU
		{59785AA5-F6C5-49E7-9F5C-EAA0B0C02B79}.Release|Any CPU.ActiveCfg = Release|Any CPU
		{59785AA5-F6C5-49E7-9F5C-EAA0B0C02B79}.Release|Any CPU.Build.0 = Release|Any CPU
		{EE00A8A0-899D-4C3A-93D4-66839538F4CF}.Debug|Any CPU.ActiveCfg = Debug|Any CPU
		{EE00A8A0-899D-4C3A-93D4-66839538F4CF}.Debug|Any CPU.Build.0 = Debug|Any CPU
		{EE00A8A0-899D-4C3A-93D4-66839538F4CF}.Release|Any CPU.ActiveCfg = Release|Any CPU
		{EE00A8A0-899D-4C3A-93D4-66839538F4CF}.Release|Any CPU.Build.0 = Release|Any CPU
		{0BA98BDF-66FA-49A4-85B3-9108BE6128E7}.Debug|Any CPU.ActiveCfg = Debug|Any CPU
		{0BA98BDF-66FA-49A4-85B3-9108BE6128E7}.Debug|Any CPU.Build.0 = Debug|Any CPU
		{0BA98BDF-66FA-49A4-85B3-9108BE6128E7}.Release|Any CPU.ActiveCfg = Release|Any CPU
		{0BA98BDF-66FA-49A4-85B3-9108BE6128E7}.Release|Any CPU.Build.0 = Release|Any CPU
		{355A7788-E54A-4650-A829-20A554A5D9A7}.Debug|Any CPU.ActiveCfg = Debug|Any CPU
		{355A7788-E54A-4650-A829-20A554A5D9A7}.Debug|Any CPU.Build.0 = Debug|Any CPU
		{355A7788-E54A-4650-A829-20A554A5D9A7}.Release|Any CPU.ActiveCfg = Release|Any CPU
		{355A7788-E54A-4650-A829-20A554A5D9A7}.Release|Any CPU.Build.0 = Release|Any CPU
		{19B15D28-BACF-471D-B78D-76C6800EB60D}.Debug|Any CPU.ActiveCfg = Debug|Any CPU
		{19B15D28-BACF-471D-B78D-76C6800EB60D}.Debug|Any CPU.Build.0 = Debug|Any CPU
		{19B15D28-BACF-471D-B78D-76C6800EB60D}.Release|Any CPU.ActiveCfg = Release|Any CPU
		{19B15D28-BACF-471D-B78D-76C6800EB60D}.Release|Any CPU.Build.0 = Release|Any CPU
		{891F5B87-297D-4BF7-AC18-C74EE0102DBC}.Debug|Any CPU.ActiveCfg = Debug|Any CPU
		{891F5B87-297D-4BF7-AC18-C74EE0102DBC}.Debug|Any CPU.Build.0 = Debug|Any CPU
		{891F5B87-297D-4BF7-AC18-C74EE0102DBC}.Release|Any CPU.ActiveCfg = Release|Any CPU
		{891F5B87-297D-4BF7-AC18-C74EE0102DBC}.Release|Any CPU.Build.0 = Release|Any CPU
		{F449462A-4CDF-4AB1-9BC0-A4555114CB19}.Debug|Any CPU.ActiveCfg = Debug|Any CPU
		{F449462A-4CDF-4AB1-9BC0-A4555114CB19}.Debug|Any CPU.Build.0 = Debug|Any CPU
		{F449462A-4CDF-4AB1-9BC0-A4555114CB19}.Release|Any CPU.ActiveCfg = Release|Any CPU
		{F449462A-4CDF-4AB1-9BC0-A4555114CB19}.Release|Any CPU.Build.0 = Release|Any CPU
	EndGlobalSection
	GlobalSection(SolutionProperties) = preSolution
		HideSolutionNode = FALSE
	EndGlobalSection
	GlobalSection(ExtensibilityGlobals) = postSolution
		SolutionGuid = {BB9CE251-8A4B-498C-A240-BF11604E40CD}
	EndGlobalSection
EndGlobal
